// !$*UTF8*$!
{
	archiveVersion = 1;
	classes = {
	};
	objectVersion = 56;
	objects = {

/* Begin PBXBuildFile section */
		C800AF392AF92031004D0913 /* ExtensionTests.swift in Sources */ = {isa = PBXBuildFile; fileRef = C800AF382AF92031004D0913 /* ExtensionTests.swift */; };
		C800AF3C2AF9250A004D0913 /* DecodableDictionary.json in Resources */ = {isa = PBXBuildFile; fileRef = C800AF3B2AF9250A004D0913 /* DecodableDictionary.json */; };
		C800AF3F2AF92544004D0913 /* DecodableString.json in Resources */ = {isa = PBXBuildFile; fileRef = C800AF3E2AF92544004D0913 /* DecodableString.json */; };
		C800AF412AF927B4004D0913 /* PerformanceTests.swift in Sources */ = {isa = PBXBuildFile; fileRef = C800AF402AF927B4004D0913 /* PerformanceTests.swift */; };
		C800AF492AF93AD7004D0913 /* Ultimate_PortfolioUITests.swift in Sources */ = {isa = PBXBuildFile; fileRef = C800AF482AF93AD7004D0913 /* Ultimate_PortfolioUITests.swift */; };
		C800AF4B2AF93AD7004D0913 /* Ultimate_PortfolioUITestsLaunchTests.swift in Sources */ = {isa = PBXBuildFile; fileRef = C800AF4A2AF93AD7004D0913 /* Ultimate_PortfolioUITestsLaunchTests.swift */; };
		C80DD3782AE95302006F3E7F /* Ultimate_PortfolioApp.swift in Sources */ = {isa = PBXBuildFile; fileRef = C80DD3772AE95302006F3E7F /* Ultimate_PortfolioApp.swift */; };
		C80DD37A2AE95302006F3E7F /* ContentView.swift in Sources */ = {isa = PBXBuildFile; fileRef = C80DD3792AE95302006F3E7F /* ContentView.swift */; };
		C80DD37C2AE95304006F3E7F /* Assets.xcassets in Resources */ = {isa = PBXBuildFile; fileRef = C80DD37B2AE95304006F3E7F /* Assets.xcassets */; };
		C80DD37F2AE95304006F3E7F /* Preview Assets.xcassets in Resources */ = {isa = PBXBuildFile; fileRef = C80DD37E2AE95304006F3E7F /* Preview Assets.xcassets */; };
		C81470512AFDBC060073057F /* SKProduct-LocalizedPrice.swift in Sources */ = {isa = PBXBuildFile; fileRef = C81470502AFDBC060073057F /* SKProduct-LocalizedPrice.swift */; };
		C81470532AFDBC960073057F /* PurchaseButton.swift in Sources */ = {isa = PBXBuildFile; fileRef = C81470522AFDBC960073057F /* PurchaseButton.swift */; };
		C81470552AFDBD590073057F /* ProductView.swift in Sources */ = {isa = PBXBuildFile; fileRef = C81470542AFDBD590073057F /* ProductView.swift */; };
		C81470572AFDBE440073057F /* UnlockView.swift in Sources */ = {isa = PBXBuildFile; fileRef = C81470562AFDBE440073057F /* UnlockView.swift */; };
		C81B0A832AEFEA1E0017A2F3 /* Bundle-Decodable.swift in Sources */ = {isa = PBXBuildFile; fileRef = C81B0A822AEFEA1E0017A2F3 /* Bundle-Decodable.swift */; };
		C81B0A862AEFED140017A2F3 /* Colors.xcassets in Resources */ = {isa = PBXBuildFile; fileRef = C81B0A842AEFED130017A2F3 /* Colors.xcassets */; };
		C81B0A892AEFED750017A2F3 /* Award.swift in Sources */ = {isa = PBXBuildFile; fileRef = C81B0A882AEFED750017A2F3 /* Award.swift */; };
		C81B0A8B2AEFEDE00017A2F3 /* AwardsView.swift in Sources */ = {isa = PBXBuildFile; fileRef = C81B0A8A2AEFEDE00017A2F3 /* AwardsView.swift */; };
		C81B0A902AF1DEEA0017A2F3 /* Localizable.strings in Resources */ = {isa = PBXBuildFile; fileRef = C81B0A922AF1DEEA0017A2F3 /* Localizable.strings */; };
		C81B0A942AF1DF3C0017A2F3 /* Localizable.stringsdict in Resources */ = {isa = PBXBuildFile; fileRef = C81B0A962AF1DF3C0017A2F3 /* Localizable.stringsdict */; };
		C81B0A9D2AF1DFF20017A2F3 /* Awards.json in Resources */ = {isa = PBXBuildFile; fileRef = C81B0A9F2AF1DFF20017A2F3 /* Awards.json */; };
		C81B0AAF2AF337650017A2F3 /* SidebarViewToolbar.swift in Sources */ = {isa = PBXBuildFile; fileRef = C81B0AAE2AF337650017A2F3 /* SidebarViewToolbar.swift */; };
		C81B0AB12AF3387C0017A2F3 /* IssueViewToolbar.swift in Sources */ = {isa = PBXBuildFile; fileRef = C81B0AB02AF3387C0017A2F3 /* IssueViewToolbar.swift */; };
		C81B0AB32AF338E20017A2F3 /* ContentViewToolbar.swift in Sources */ = {isa = PBXBuildFile; fileRef = C81B0AB22AF338E20017A2F3 /* ContentViewToolbar.swift */; };
		C81B0AB52AF339640017A2F3 /* TagsMenuView.swift in Sources */ = {isa = PBXBuildFile; fileRef = C81B0AB42AF339640017A2F3 /* TagsMenuView.swift */; };
		C81B0AB72AF33A2A0017A2F3 /* SmartFilterRow.swift in Sources */ = {isa = PBXBuildFile; fileRef = C81B0AB62AF33A2A0017A2F3 /* SmartFilterRow.swift */; };
		C81B0AB92AF33A880017A2F3 /* UserFilterRow.swift in Sources */ = {isa = PBXBuildFile; fileRef = C81B0AB82AF33A880017A2F3 /* UserFilterRow.swift */; };
		C81B0AD42AF479A10017A2F3 /* Ultimate_PortfolioTests.swift in Sources */ = {isa = PBXBuildFile; fileRef = C81B0AD32AF479A10017A2F3 /* Ultimate_PortfolioTests.swift */; };
		C81B0ADC2AF47B980017A2F3 /* AssetTests.swift in Sources */ = {isa = PBXBuildFile; fileRef = C81B0ADB2AF47B980017A2F3 /* AssetTests.swift */; };
		C81B0ADF2AF47D250017A2F3 /* TagTest.swift in Sources */ = {isa = PBXBuildFile; fileRef = C81B0ADE2AF47D250017A2F3 /* TagTest.swift */; };
		C81B0AE12AF47FF00017A2F3 /* AwardsTest.swift in Sources */ = {isa = PBXBuildFile; fileRef = C81B0AE02AF47FF00017A2F3 /* AwardsTest.swift */; };
		C81B0AE32AF485710017A2F3 /* DevelopmentTests.swift in Sources */ = {isa = PBXBuildFile; fileRef = C81B0AE22AF485710017A2F3 /* DevelopmentTests.swift */; };
		C834C4712AE9E6FC0015A3C4 /* Main.xcdatamodeld in Sources */ = {isa = PBXBuildFile; fileRef = C834C46F2AE9E6FC0015A3C4 /* Main.xcdatamodeld */; };
		C834C4732AE9E9230015A3C4 /* DataController.swift in Sources */ = {isa = PBXBuildFile; fileRef = C834C4722AE9E9230015A3C4 /* DataController.swift */; };
		C834C4772AE9EEA90015A3C4 /* SidebarView.swift in Sources */ = {isa = PBXBuildFile; fileRef = C834C4762AE9EEA90015A3C4 /* SidebarView.swift */; };
		C834C4792AE9EEC00015A3C4 /* DetailView.swift in Sources */ = {isa = PBXBuildFile; fileRef = C834C4782AE9EEC00015A3C4 /* DetailView.swift */; };
		C834C47B2AE9EF7A0015A3C4 /* Filter.swift in Sources */ = {isa = PBXBuildFile; fileRef = C834C47A2AE9EF7A0015A3C4 /* Filter.swift */; };
		C834C4852AE9F5D60015A3C4 /* Issue-DataHelper.swift in Sources */ = {isa = PBXBuildFile; fileRef = C834C4842AE9F5D60015A3C4 /* Issue-DataHelper.swift */; };
		C834C4872AE9F6A80015A3C4 /* Tag-DataHelper.swift in Sources */ = {isa = PBXBuildFile; fileRef = C834C4862AE9F6A80015A3C4 /* Tag-DataHelper.swift */; };
		C8A28BEE2AF9D7CA00B86ECE /* SidebarViewModel.swift in Sources */ = {isa = PBXBuildFile; fileRef = C8A28BED2AF9D7CA00B86ECE /* SidebarViewModel.swift */; };
		C8A28BF02AF9DCE300B86ECE /* ContentViewModel.swift in Sources */ = {isa = PBXBuildFile; fileRef = C8A28BEF2AF9DCE300B86ECE /* ContentViewModel.swift */; };
		C8A28BF22AF9DD8800B86ECE /* IssueRowViewModel.swift in Sources */ = {isa = PBXBuildFile; fileRef = C8A28BF12AF9DD8800B86ECE /* IssueRowViewModel.swift */; };
		C8A28BF82AFB2D9E00B86ECE /* DataController-Notifications.swift in Sources */ = {isa = PBXBuildFile; fileRef = C8A28BF72AFB2D9E00B86ECE /* DataController-Notifications.swift */; };
		C8A28BFA2AFC573500B86ECE /* UnlockManager.swift in Sources */ = {isa = PBXBuildFile; fileRef = C8A28BF92AFC573500B86ECE /* UnlockManager.swift */; };
		C8DB7D282AEB366E001CE0C4 /* IssueRow.swift in Sources */ = {isa = PBXBuildFile; fileRef = C8DB7D272AEB366E001CE0C4 /* IssueRow.swift */; };
		C8DB7D2A2AEB40AB001CE0C4 /* IssueView.swift in Sources */ = {isa = PBXBuildFile; fileRef = C8DB7D292AEB40AB001CE0C4 /* IssueView.swift */; };
		C8DB7D2C2AEB40BC001CE0C4 /* NoIssueView.swift in Sources */ = {isa = PBXBuildFile; fileRef = C8DB7D2B2AEB40BC001CE0C4 /* NoIssueView.swift */; };
/* End PBXBuildFile section */

/* Begin PBXContainerItemProxy section */
		C800AF4C2AF93AD7004D0913 /* PBXContainerItemProxy */ = {
			isa = PBXContainerItemProxy;
			containerPortal = C80DD36C2AE95302006F3E7F /* Project object */;
			proxyType = 1;
			remoteGlobalIDString = C80DD3732AE95302006F3E7F;
			remoteInfo = "Ultimate Portfolio";
		};
		C81B0AD52AF479A10017A2F3 /* PBXContainerItemProxy */ = {
			isa = PBXContainerItemProxy;
			containerPortal = C80DD36C2AE95302006F3E7F /* Project object */;
			proxyType = 1;
			remoteGlobalIDString = C80DD3732AE95302006F3E7F;
			remoteInfo = "Ultimate Portfolio";
		};
/* End PBXContainerItemProxy section */

/* Begin PBXFileReference section */
		C800AF382AF92031004D0913 /* ExtensionTests.swift */ = {isa = PBXFileReference; lastKnownFileType = sourcecode.swift; path = ExtensionTests.swift; sourceTree = "<group>"; };
		C800AF3B2AF9250A004D0913 /* DecodableDictionary.json */ = {isa = PBXFileReference; lastKnownFileType = text.json; path = DecodableDictionary.json; sourceTree = "<group>"; };
		C800AF3E2AF92544004D0913 /* DecodableString.json */ = {isa = PBXFileReference; lastKnownFileType = text.json; path = DecodableString.json; sourceTree = "<group>"; };
		C800AF402AF927B4004D0913 /* PerformanceTests.swift */ = {isa = PBXFileReference; lastKnownFileType = sourcecode.swift; path = PerformanceTests.swift; sourceTree = "<group>"; };
		C800AF462AF93AD7004D0913 /* Ultimate PortfolioUITests.xctest */ = {isa = PBXFileReference; explicitFileType = wrapper.cfbundle; includeInIndex = 0; path = "Ultimate PortfolioUITests.xctest"; sourceTree = BUILT_PRODUCTS_DIR; };
		C800AF482AF93AD7004D0913 /* Ultimate_PortfolioUITests.swift */ = {isa = PBXFileReference; lastKnownFileType = sourcecode.swift; path = Ultimate_PortfolioUITests.swift; sourceTree = "<group>"; };
		C800AF4A2AF93AD7004D0913 /* Ultimate_PortfolioUITestsLaunchTests.swift */ = {isa = PBXFileReference; lastKnownFileType = sourcecode.swift; path = Ultimate_PortfolioUITestsLaunchTests.swift; sourceTree = "<group>"; };
		C80DD3742AE95302006F3E7F /* Ultimate Portfolio.app */ = {isa = PBXFileReference; explicitFileType = wrapper.application; includeInIndex = 0; path = "Ultimate Portfolio.app"; sourceTree = BUILT_PRODUCTS_DIR; };
		C80DD3772AE95302006F3E7F /* Ultimate_PortfolioApp.swift */ = {isa = PBXFileReference; lastKnownFileType = sourcecode.swift; path = Ultimate_PortfolioApp.swift; sourceTree = "<group>"; };
		C80DD3792AE95302006F3E7F /* ContentView.swift */ = {isa = PBXFileReference; lastKnownFileType = sourcecode.swift; path = ContentView.swift; sourceTree = "<group>"; };
		C80DD37B2AE95304006F3E7F /* Assets.xcassets */ = {isa = PBXFileReference; lastKnownFileType = folder.assetcatalog; path = Assets.xcassets; sourceTree = "<group>"; };
		C80DD37E2AE95304006F3E7F /* Preview Assets.xcassets */ = {isa = PBXFileReference; lastKnownFileType = folder.assetcatalog; path = "Preview Assets.xcassets"; sourceTree = "<group>"; };
		C81470502AFDBC060073057F /* SKProduct-LocalizedPrice.swift */ = {isa = PBXFileReference; lastKnownFileType = sourcecode.swift; path = "SKProduct-LocalizedPrice.swift"; sourceTree = "<group>"; };
		C81470522AFDBC960073057F /* PurchaseButton.swift */ = {isa = PBXFileReference; lastKnownFileType = sourcecode.swift; path = PurchaseButton.swift; sourceTree = "<group>"; };
		C81470542AFDBD590073057F /* ProductView.swift */ = {isa = PBXFileReference; lastKnownFileType = sourcecode.swift; path = ProductView.swift; sourceTree = "<group>"; };
		C81470562AFDBE440073057F /* UnlockView.swift */ = {isa = PBXFileReference; lastKnownFileType = sourcecode.swift; path = UnlockView.swift; sourceTree = "<group>"; };
		C81B0A822AEFEA1E0017A2F3 /* Bundle-Decodable.swift */ = {isa = PBXFileReference; lastKnownFileType = sourcecode.swift; path = "Bundle-Decodable.swift"; sourceTree = "<group>"; };
		C81B0A842AEFED130017A2F3 /* Colors.xcassets */ = {isa = PBXFileReference; lastKnownFileType = folder.assetcatalog; path = Colors.xcassets; sourceTree = "<group>"; };
		C81B0A882AEFED750017A2F3 /* Award.swift */ = {isa = PBXFileReference; lastKnownFileType = sourcecode.swift; path = Award.swift; sourceTree = "<group>"; };
		C81B0A8A2AEFEDE00017A2F3 /* AwardsView.swift */ = {isa = PBXFileReference; lastKnownFileType = sourcecode.swift; path = AwardsView.swift; sourceTree = "<group>"; };
		C81B0A912AF1DEEA0017A2F3 /* en */ = {isa = PBXFileReference; lastKnownFileType = text.plist.strings; name = en; path = en.lproj/Localizable.strings; sourceTree = "<group>"; };
		C81B0A932AF1DEF90017A2F3 /* pl */ = {isa = PBXFileReference; lastKnownFileType = text.plist.strings; name = pl; path = pl.lproj/Localizable.strings; sourceTree = "<group>"; };
		C81B0A952AF1DF3C0017A2F3 /* en */ = {isa = PBXFileReference; lastKnownFileType = text.plist.stringsdict; name = en; path = en.lproj/Localizable.stringsdict; sourceTree = "<group>"; };
		C81B0A972AF1DF400017A2F3 /* pl */ = {isa = PBXFileReference; lastKnownFileType = text.plist.stringsdict; name = pl; path = pl.lproj/Localizable.stringsdict; sourceTree = "<group>"; };
		C81B0A9E2AF1DFF20017A2F3 /* en */ = {isa = PBXFileReference; lastKnownFileType = text.json; name = en; path = en.lproj/Awards.json; sourceTree = "<group>"; };
		C81B0AA02AF1DFF40017A2F3 /* pl */ = {isa = PBXFileReference; lastKnownFileType = text.json; name = pl; path = pl.lproj/Awards.json; sourceTree = "<group>"; };
		C81B0AAE2AF337650017A2F3 /* SidebarViewToolbar.swift */ = {isa = PBXFileReference; lastKnownFileType = sourcecode.swift; path = SidebarViewToolbar.swift; sourceTree = "<group>"; };
		C81B0AB02AF3387C0017A2F3 /* IssueViewToolbar.swift */ = {isa = PBXFileReference; lastKnownFileType = sourcecode.swift; path = IssueViewToolbar.swift; sourceTree = "<group>"; };
		C81B0AB22AF338E20017A2F3 /* ContentViewToolbar.swift */ = {isa = PBXFileReference; lastKnownFileType = sourcecode.swift; path = ContentViewToolbar.swift; sourceTree = "<group>"; };
		C81B0AB42AF339640017A2F3 /* TagsMenuView.swift */ = {isa = PBXFileReference; lastKnownFileType = sourcecode.swift; path = TagsMenuView.swift; sourceTree = "<group>"; };
		C81B0AB62AF33A2A0017A2F3 /* SmartFilterRow.swift */ = {isa = PBXFileReference; lastKnownFileType = sourcecode.swift; path = SmartFilterRow.swift; sourceTree = "<group>"; };
		C81B0AB82AF33A880017A2F3 /* UserFilterRow.swift */ = {isa = PBXFileReference; lastKnownFileType = sourcecode.swift; path = UserFilterRow.swift; sourceTree = "<group>"; };
		C81B0AD12AF479A10017A2F3 /* Ultimate PortfolioTests.xctest */ = {isa = PBXFileReference; explicitFileType = wrapper.cfbundle; includeInIndex = 0; path = "Ultimate PortfolioTests.xctest"; sourceTree = BUILT_PRODUCTS_DIR; };
		C81B0AD32AF479A10017A2F3 /* Ultimate_PortfolioTests.swift */ = {isa = PBXFileReference; lastKnownFileType = sourcecode.swift; path = Ultimate_PortfolioTests.swift; sourceTree = "<group>"; };
		C81B0ADA2AF47A570017A2F3 /* Ultimate Portfolio.xctestplan */ = {isa = PBXFileReference; lastKnownFileType = text; path = "Ultimate Portfolio.xctestplan"; sourceTree = "<group>"; };
		C81B0ADB2AF47B980017A2F3 /* AssetTests.swift */ = {isa = PBXFileReference; lastKnownFileType = sourcecode.swift; path = AssetTests.swift; sourceTree = "<group>"; };
		C81B0ADE2AF47D250017A2F3 /* TagTest.swift */ = {isa = PBXFileReference; lastKnownFileType = sourcecode.swift; path = TagTest.swift; sourceTree = "<group>"; };
		C81B0AE02AF47FF00017A2F3 /* AwardsTest.swift */ = {isa = PBXFileReference; lastKnownFileType = sourcecode.swift; path = AwardsTest.swift; sourceTree = "<group>"; };
		C81B0AE22AF485710017A2F3 /* DevelopmentTests.swift */ = {isa = PBXFileReference; lastKnownFileType = sourcecode.swift; path = DevelopmentTests.swift; sourceTree = "<group>"; };
		C834C4702AE9E6FC0015A3C4 /* Main.xcdatamodel */ = {isa = PBXFileReference; lastKnownFileType = wrapper.xcdatamodel; path = Main.xcdatamodel; sourceTree = "<group>"; };
		C834C4722AE9E9230015A3C4 /* DataController.swift */ = {isa = PBXFileReference; lastKnownFileType = sourcecode.swift; path = DataController.swift; sourceTree = "<group>"; };
		C834C4742AE9EDCF0015A3C4 /* Ultimate Portfolio.entitlements */ = {isa = PBXFileReference; lastKnownFileType = text.plist.entitlements; path = "Ultimate Portfolio.entitlements"; sourceTree = "<group>"; };
		C834C4752AE9EDD70015A3C4 /* Ultimate-Portfolio-Info.plist */ = {isa = PBXFileReference; lastKnownFileType = text.plist.xml; name = "Ultimate-Portfolio-Info.plist"; path = "Ultimate Portfolio/Configuration/Ultimate-Portfolio-Info.plist"; sourceTree = SOURCE_ROOT; };
		C834C4762AE9EEA90015A3C4 /* SidebarView.swift */ = {isa = PBXFileReference; lastKnownFileType = sourcecode.swift; path = SidebarView.swift; sourceTree = "<group>"; };
		C834C4782AE9EEC00015A3C4 /* DetailView.swift */ = {isa = PBXFileReference; lastKnownFileType = sourcecode.swift; path = DetailView.swift; sourceTree = "<group>"; };
		C834C47A2AE9EF7A0015A3C4 /* Filter.swift */ = {isa = PBXFileReference; lastKnownFileType = sourcecode.swift; path = Filter.swift; sourceTree = "<group>"; };
		C834C4842AE9F5D60015A3C4 /* Issue-DataHelper.swift */ = {isa = PBXFileReference; lastKnownFileType = sourcecode.swift; path = "Issue-DataHelper.swift"; sourceTree = "<group>"; };
		C834C4862AE9F6A80015A3C4 /* Tag-DataHelper.swift */ = {isa = PBXFileReference; lastKnownFileType = sourcecode.swift; path = "Tag-DataHelper.swift"; sourceTree = "<group>"; };
		C8A28BEC2AF9451400B86ECE /* Ultimate PortfolioUITests.xctestplan */ = {isa = PBXFileReference; lastKnownFileType = text; path = "Ultimate PortfolioUITests.xctestplan"; sourceTree = "<group>"; };
		C8A28BED2AF9D7CA00B86ECE /* SidebarViewModel.swift */ = {isa = PBXFileReference; lastKnownFileType = sourcecode.swift; path = SidebarViewModel.swift; sourceTree = "<group>"; };
		C8A28BEF2AF9DCE300B86ECE /* ContentViewModel.swift */ = {isa = PBXFileReference; lastKnownFileType = sourcecode.swift; path = ContentViewModel.swift; sourceTree = "<group>"; };
		C8A28BF12AF9DD8800B86ECE /* IssueRowViewModel.swift */ = {isa = PBXFileReference; lastKnownFileType = sourcecode.swift; path = IssueRowViewModel.swift; sourceTree = "<group>"; };
		C8A28BF72AFB2D9E00B86ECE /* DataController-Notifications.swift */ = {isa = PBXFileReference; lastKnownFileType = sourcecode.swift; path = "DataController-Notifications.swift"; sourceTree = "<group>"; };
		C8A28BF92AFC573500B86ECE /* UnlockManager.swift */ = {isa = PBXFileReference; lastKnownFileType = sourcecode.swift; path = UnlockManager.swift; sourceTree = "<group>"; };
		C8A28BFB2AFC592A00B86ECE /* Configuration.storekit */ = {isa = PBXFileReference; lastKnownFileType = text; name = Configuration.storekit; path = Awards/Configuration.storekit; sourceTree = "<group>"; };
		C8DB7D272AEB366E001CE0C4 /* IssueRow.swift */ = {isa = PBXFileReference; lastKnownFileType = sourcecode.swift; path = IssueRow.swift; sourceTree = "<group>"; };
		C8DB7D292AEB40AB001CE0C4 /* IssueView.swift */ = {isa = PBXFileReference; lastKnownFileType = sourcecode.swift; path = IssueView.swift; sourceTree = "<group>"; };
		C8DB7D2B2AEB40BC001CE0C4 /* NoIssueView.swift */ = {isa = PBXFileReference; lastKnownFileType = sourcecode.swift; path = NoIssueView.swift; sourceTree = "<group>"; };
/* End PBXFileReference section */

/* Begin PBXFrameworksBuildPhase section */
		C800AF432AF93AD7004D0913 /* Frameworks */ = {
			isa = PBXFrameworksBuildPhase;
			buildActionMask = 2147483647;
			files = (
			);
			runOnlyForDeploymentPostprocessing = 0;
		};
		C80DD3712AE95302006F3E7F /* Frameworks */ = {
			isa = PBXFrameworksBuildPhase;
			buildActionMask = 2147483647;
			files = (
			);
			runOnlyForDeploymentPostprocessing = 0;
		};
		C81B0ACE2AF479A10017A2F3 /* Frameworks */ = {
			isa = PBXFrameworksBuildPhase;
			buildActionMask = 2147483647;
			files = (
			);
			runOnlyForDeploymentPostprocessing = 0;
		};
/* End PBXFrameworksBuildPhase section */

/* Begin PBXGroup section */
		C800AF3A2AF924F0004D0913 /* Fictures */ = {
			isa = PBXGroup;
			children = (
				C800AF3B2AF9250A004D0913 /* DecodableDictionary.json */,
				C800AF3E2AF92544004D0913 /* DecodableString.json */,
			);
			path = Fictures;
			sourceTree = "<group>";
		};
		C800AF472AF93AD7004D0913 /* Ultimate PortfolioUITests */ = {
			isa = PBXGroup;
			children = (
				C800AF482AF93AD7004D0913 /* Ultimate_PortfolioUITests.swift */,
				C8A28BEC2AF9451400B86ECE /* Ultimate PortfolioUITests.xctestplan */,
				C800AF4A2AF93AD7004D0913 /* Ultimate_PortfolioUITestsLaunchTests.swift */,
			);
			path = "Ultimate PortfolioUITests";
			sourceTree = "<group>";
		};
		C80DD36B2AE95302006F3E7F = {
			isa = PBXGroup;
			children = (
				C80DD3762AE95302006F3E7F /* Ultimate Portfolio */,
				C81B0AD22AF479A10017A2F3 /* Ultimate PortfolioTests */,
				C800AF472AF93AD7004D0913 /* Ultimate PortfolioUITests */,
				C80DD3752AE95302006F3E7F /* Products */,
			);
			sourceTree = "<group>";
		};
		C80DD3752AE95302006F3E7F /* Products */ = {
			isa = PBXGroup;
			children = (
				C80DD3742AE95302006F3E7F /* Ultimate Portfolio.app */,
				C81B0AD12AF479A10017A2F3 /* Ultimate PortfolioTests.xctest */,
				C800AF462AF93AD7004D0913 /* Ultimate PortfolioUITests.xctest */,
			);
			name = Products;
			sourceTree = "<group>";
		};
		C80DD3762AE95302006F3E7F /* Ultimate Portfolio */ = {
			isa = PBXGroup;
			children = (
				C81B0ACC2AF477C80017A2F3 /* Awards */,
				C81B0ACA2AF477BD0017A2F3 /* Issues */,
				C81B0ACB2AF477C10017A2F3 /* Editing */,
				C81B0AC92AF477B80017A2F3 /* Filters */,
				C81B0AC62AF476330017A2F3 /* Configuration */,
				C81B0AC82AF4770B0017A2F3 /* Extensions */,
				C81B0AC72AF4764E0017A2F3 /* Localizable */,
				C80DD3772AE95302006F3E7F /* Ultimate_PortfolioApp.swift */,
				C834C4722AE9E9230015A3C4 /* DataController.swift */,
				C8A28BF92AFC573500B86ECE /* UnlockManager.swift */,
				C8A28BFB2AFC592A00B86ECE /* Configuration.storekit */,
				C81470502AFDBC060073057F /* SKProduct-LocalizedPrice.swift */,
				C81470522AFDBC960073057F /* PurchaseButton.swift */,
				C81470542AFDBD590073057F /* ProductView.swift */,
				C81470562AFDBE440073057F /* UnlockView.swift */,
				C8A28BF72AFB2D9E00B86ECE /* DataController-Notifications.swift */,
				C80DD37B2AE95304006F3E7F /* Assets.xcassets */,
				C81B0A842AEFED130017A2F3 /* Colors.xcassets */,
				C80DD37D2AE95304006F3E7F /* Preview Content */,
			);
			path = "Ultimate Portfolio";
			sourceTree = "<group>";
		};
		C80DD37D2AE95304006F3E7F /* Preview Content */ = {
			isa = PBXGroup;
			children = (
				C80DD37E2AE95304006F3E7F /* Preview Assets.xcassets */,
			);
			path = "Preview Content";
			sourceTree = "<group>";
		};
		C81B0AC62AF476330017A2F3 /* Configuration */ = {
			isa = PBXGroup;
			children = (
				C834C4752AE9EDD70015A3C4 /* Ultimate-Portfolio-Info.plist */,
				C834C4742AE9EDCF0015A3C4 /* Ultimate Portfolio.entitlements */,
				C834C46F2AE9E6FC0015A3C4 /* Main.xcdatamodeld */,
			);
			path = Configuration;
			sourceTree = "<group>";
		};
		C81B0AC72AF4764E0017A2F3 /* Localizable */ = {
			isa = PBXGroup;
			children = (
				C81B0A922AF1DEEA0017A2F3 /* Localizable.strings */,
				C81B0A962AF1DF3C0017A2F3 /* Localizable.stringsdict */,
			);
			path = Localizable;
			sourceTree = "<group>";
		};
		C81B0AC82AF4770B0017A2F3 /* Extensions */ = {
			isa = PBXGroup;
			children = (
				C834C4842AE9F5D60015A3C4 /* Issue-DataHelper.swift */,
				C834C4862AE9F6A80015A3C4 /* Tag-DataHelper.swift */,
				C81B0A822AEFEA1E0017A2F3 /* Bundle-Decodable.swift */,
			);
			path = Extensions;
			sourceTree = "<group>";
		};
		C81B0AC92AF477B80017A2F3 /* Filters */ = {
			isa = PBXGroup;
			children = (
				C834C47A2AE9EF7A0015A3C4 /* Filter.swift */,
				C834C4762AE9EEA90015A3C4 /* SidebarView.swift */,
				C81B0AAE2AF337650017A2F3 /* SidebarViewToolbar.swift */,
				C81B0AB82AF33A880017A2F3 /* UserFilterRow.swift */,
				C81B0AB62AF33A2A0017A2F3 /* SmartFilterRow.swift */,
				C8A28BED2AF9D7CA00B86ECE /* SidebarViewModel.swift */,
			);
			path = Filters;
			sourceTree = "<group>";
		};
		C81B0ACA2AF477BD0017A2F3 /* Issues */ = {
			isa = PBXGroup;
			children = (
				C81B0AB22AF338E20017A2F3 /* ContentViewToolbar.swift */,
				C80DD3792AE95302006F3E7F /* ContentView.swift */,
				C8DB7D272AEB366E001CE0C4 /* IssueRow.swift */,
				C8A28BEF2AF9DCE300B86ECE /* ContentViewModel.swift */,
				C8A28BF12AF9DD8800B86ECE /* IssueRowViewModel.swift */,
			);
			path = Issues;
			sourceTree = "<group>";
		};
		C81B0ACB2AF477C10017A2F3 /* Editing */ = {
			isa = PBXGroup;
			children = (
				C8DB7D2B2AEB40BC001CE0C4 /* NoIssueView.swift */,
				C81B0AB02AF3387C0017A2F3 /* IssueViewToolbar.swift */,
				C834C4782AE9EEC00015A3C4 /* DetailView.swift */,
				C8DB7D292AEB40AB001CE0C4 /* IssueView.swift */,
				C81B0AB42AF339640017A2F3 /* TagsMenuView.swift */,
			);
			path = Editing;
			sourceTree = "<group>";
		};
		C81B0ACC2AF477C80017A2F3 /* Awards */ = {
			isa = PBXGroup;
			children = (
				C81B0A8A2AEFEDE00017A2F3 /* AwardsView.swift */,
				C81B0A882AEFED750017A2F3 /* Award.swift */,
				C81B0A9F2AF1DFF20017A2F3 /* Awards.json */,
			);
			path = Awards;
			sourceTree = "<group>";
		};
		C81B0AD22AF479A10017A2F3 /* Ultimate PortfolioTests */ = {
			isa = PBXGroup;
			children = (
				C800AF3A2AF924F0004D0913 /* Fictures */,
				C81B0ADA2AF47A570017A2F3 /* Ultimate Portfolio.xctestplan */,
				C81B0AD32AF479A10017A2F3 /* Ultimate_PortfolioTests.swift */,
				C81B0ADB2AF47B980017A2F3 /* AssetTests.swift */,
				C81B0ADE2AF47D250017A2F3 /* TagTest.swift */,
				C81B0AE02AF47FF00017A2F3 /* AwardsTest.swift */,
				C800AF382AF92031004D0913 /* ExtensionTests.swift */,
				C800AF402AF927B4004D0913 /* PerformanceTests.swift */,
				C81B0AE22AF485710017A2F3 /* DevelopmentTests.swift */,
			);
			path = "Ultimate PortfolioTests";
			sourceTree = "<group>";
		};
/* End PBXGroup section */

/* Begin PBXNativeTarget section */
		C800AF452AF93AD7004D0913 /* Ultimate PortfolioUITests */ = {
			isa = PBXNativeTarget;
			buildConfigurationList = C800AF4E2AF93AD7004D0913 /* Build configuration list for PBXNativeTarget "Ultimate PortfolioUITests" */;
			buildPhases = (
				C800AF422AF93AD7004D0913 /* Sources */,
				C800AF432AF93AD7004D0913 /* Frameworks */,
				C800AF442AF93AD7004D0913 /* Resources */,
			);
			buildRules = (
			);
			dependencies = (
				C800AF4D2AF93AD7004D0913 /* PBXTargetDependency */,
			);
			name = "Ultimate PortfolioUITests";
			productName = "Ultimate PortfolioUITests";
			productReference = C800AF462AF93AD7004D0913 /* Ultimate PortfolioUITests.xctest */;
			productType = "com.apple.product-type.bundle.ui-testing";
		};
		C80DD3732AE95302006F3E7F /* Ultimate Portfolio */ = {
			isa = PBXNativeTarget;
			buildConfigurationList = C80DD3822AE95304006F3E7F /* Build configuration list for PBXNativeTarget "Ultimate Portfolio" */;
			buildPhases = (
				C80DD3702AE95302006F3E7F /* Sources */,
				C80DD3712AE95302006F3E7F /* Frameworks */,
				C80DD3722AE95302006F3E7F /* Resources */,
			);
			buildRules = (
			);
			dependencies = (
			);
			name = "Ultimate Portfolio";
			productName = "Ultimate Portfolio";
			productReference = C80DD3742AE95302006F3E7F /* Ultimate Portfolio.app */;
			productType = "com.apple.product-type.application";
		};
		C81B0AD02AF479A10017A2F3 /* Ultimate PortfolioTests */ = {
			isa = PBXNativeTarget;
			buildConfigurationList = C81B0AD72AF479A10017A2F3 /* Build configuration list for PBXNativeTarget "Ultimate PortfolioTests" */;
			buildPhases = (
				C81B0ACD2AF479A10017A2F3 /* Sources */,
				C81B0ACE2AF479A10017A2F3 /* Frameworks */,
				C81B0ACF2AF479A10017A2F3 /* Resources */,
			);
			buildRules = (
			);
			dependencies = (
				C81B0AD62AF479A10017A2F3 /* PBXTargetDependency */,
			);
			name = "Ultimate PortfolioTests";
			productName = "Ultimate PortfolioTests";
			productReference = C81B0AD12AF479A10017A2F3 /* Ultimate PortfolioTests.xctest */;
			productType = "com.apple.product-type.bundle.unit-test";
		};
/* End PBXNativeTarget section */

/* Begin PBXProject section */
		C80DD36C2AE95302006F3E7F /* Project object */ = {
			isa = PBXProject;
			attributes = {
				BuildIndependentTargetsInParallel = 1;
				LastSwiftUpdateCheck = 1500;
				LastUpgradeCheck = 1500;
				TargetAttributes = {
					C800AF452AF93AD7004D0913 = {
						CreatedOnToolsVersion = 15.0.1;
						TestTargetID = C80DD3732AE95302006F3E7F;
					};
					C80DD3732AE95302006F3E7F = {
						CreatedOnToolsVersion = 15.0;
					};
					C81B0AD02AF479A10017A2F3 = {
						CreatedOnToolsVersion = 15.0.1;
						TestTargetID = C80DD3732AE95302006F3E7F;
					};
				};
			};
			buildConfigurationList = C80DD36F2AE95302006F3E7F /* Build configuration list for PBXProject "Ultimate Portfolio" */;
			compatibilityVersion = "Xcode 14.0";
			developmentRegion = en;
			hasScannedForEncodings = 0;
			knownRegions = (
				en,
				Base,
				pl,
			);
			mainGroup = C80DD36B2AE95302006F3E7F;
			productRefGroup = C80DD3752AE95302006F3E7F /* Products */;
			projectDirPath = "";
			projectRoot = "";
			targets = (
				C80DD3732AE95302006F3E7F /* Ultimate Portfolio */,
				C81B0AD02AF479A10017A2F3 /* Ultimate PortfolioTests */,
				C800AF452AF93AD7004D0913 /* Ultimate PortfolioUITests */,
			);
		};
/* End PBXProject section */

/* Begin PBXResourcesBuildPhase section */
		C800AF442AF93AD7004D0913 /* Resources */ = {
			isa = PBXResourcesBuildPhase;
			buildActionMask = 2147483647;
			files = (
			);
			runOnlyForDeploymentPostprocessing = 0;
		};
		C80DD3722AE95302006F3E7F /* Resources */ = {
			isa = PBXResourcesBuildPhase;
			buildActionMask = 2147483647;
			files = (
				C81B0A902AF1DEEA0017A2F3 /* Localizable.strings in Resources */,
				C81B0A862AEFED140017A2F3 /* Colors.xcassets in Resources */,
				C81B0A9D2AF1DFF20017A2F3 /* Awards.json in Resources */,
				C80DD37F2AE95304006F3E7F /* Preview Assets.xcassets in Resources */,
				C80DD37C2AE95304006F3E7F /* Assets.xcassets in Resources */,
				C81B0A942AF1DF3C0017A2F3 /* Localizable.stringsdict in Resources */,
			);
			runOnlyForDeploymentPostprocessing = 0;
		};
		C81B0ACF2AF479A10017A2F3 /* Resources */ = {
			isa = PBXResourcesBuildPhase;
			buildActionMask = 2147483647;
			files = (
				C800AF3F2AF92544004D0913 /* DecodableString.json in Resources */,
				C800AF3C2AF9250A004D0913 /* DecodableDictionary.json in Resources */,
			);
			runOnlyForDeploymentPostprocessing = 0;
		};
/* End PBXResourcesBuildPhase section */

/* Begin PBXSourcesBuildPhase section */
		C800AF422AF93AD7004D0913 /* Sources */ = {
			isa = PBXSourcesBuildPhase;
			buildActionMask = 2147483647;
			files = (
				C800AF4B2AF93AD7004D0913 /* Ultimate_PortfolioUITestsLaunchTests.swift in Sources */,
				C800AF492AF93AD7004D0913 /* Ultimate_PortfolioUITests.swift in Sources */,
			);
			runOnlyForDeploymentPostprocessing = 0;
		};
		C80DD3702AE95302006F3E7F /* Sources */ = {
			isa = PBXSourcesBuildPhase;
			buildActionMask = 2147483647;
			files = (
				C834C47B2AE9EF7A0015A3C4 /* Filter.swift in Sources */,
				C81470552AFDBD590073057F /* ProductView.swift in Sources */,
				C81B0AB52AF339640017A2F3 /* TagsMenuView.swift in Sources */,
				C81B0A892AEFED750017A2F3 /* Award.swift in Sources */,
				C81B0AB12AF3387C0017A2F3 /* IssueViewToolbar.swift in Sources */,
				C81B0AB72AF33A2A0017A2F3 /* SmartFilterRow.swift in Sources */,
				C8A28BFA2AFC573500B86ECE /* UnlockManager.swift in Sources */,
				C81B0A8B2AEFEDE00017A2F3 /* AwardsView.swift in Sources */,
				C8A28BF82AFB2D9E00B86ECE /* DataController-Notifications.swift in Sources */,
				C834C4712AE9E6FC0015A3C4 /* Main.xcdatamodeld in Sources */,
				C834C4852AE9F5D60015A3C4 /* Issue-DataHelper.swift in Sources */,
				C834C4792AE9EEC00015A3C4 /* DetailView.swift in Sources */,
				C81B0A832AEFEA1E0017A2F3 /* Bundle-Decodable.swift in Sources */,
				C834C4732AE9E9230015A3C4 /* DataController.swift in Sources */,
				C81470572AFDBE440073057F /* UnlockView.swift in Sources */,
				C8A28BEE2AF9D7CA00B86ECE /* SidebarViewModel.swift in Sources */,
				C81470532AFDBC960073057F /* PurchaseButton.swift in Sources */,
				C8A28BF02AF9DCE300B86ECE /* ContentViewModel.swift in Sources */,
				C834C4872AE9F6A80015A3C4 /* Tag-DataHelper.swift in Sources */,
				C81B0AB32AF338E20017A2F3 /* ContentViewToolbar.swift in Sources */,
				C834C4772AE9EEA90015A3C4 /* SidebarView.swift in Sources */,
				C80DD37A2AE95302006F3E7F /* ContentView.swift in Sources */,
				C81B0AAF2AF337650017A2F3 /* SidebarViewToolbar.swift in Sources */,
				C8DB7D2A2AEB40AB001CE0C4 /* IssueView.swift in Sources */,
				C81470512AFDBC060073057F /* SKProduct-LocalizedPrice.swift in Sources */,
				C81B0AB92AF33A880017A2F3 /* UserFilterRow.swift in Sources */,
				C8DB7D2C2AEB40BC001CE0C4 /* NoIssueView.swift in Sources */,
				C8DB7D282AEB366E001CE0C4 /* IssueRow.swift in Sources */,
				C80DD3782AE95302006F3E7F /* Ultimate_PortfolioApp.swift in Sources */,
				C8A28BF22AF9DD8800B86ECE /* IssueRowViewModel.swift in Sources */,
			);
			runOnlyForDeploymentPostprocessing = 0;
		};
		C81B0ACD2AF479A10017A2F3 /* Sources */ = {
			isa = PBXSourcesBuildPhase;
			buildActionMask = 2147483647;
			files = (
				C800AF412AF927B4004D0913 /* PerformanceTests.swift in Sources */,
				C81B0ADC2AF47B980017A2F3 /* AssetTests.swift in Sources */,
				C81B0AE12AF47FF00017A2F3 /* AwardsTest.swift in Sources */,
				C81B0ADF2AF47D250017A2F3 /* TagTest.swift in Sources */,
				C800AF392AF92031004D0913 /* ExtensionTests.swift in Sources */,
				C81B0AD42AF479A10017A2F3 /* Ultimate_PortfolioTests.swift in Sources */,
				C81B0AE32AF485710017A2F3 /* DevelopmentTests.swift in Sources */,
			);
			runOnlyForDeploymentPostprocessing = 0;
		};
/* End PBXSourcesBuildPhase section */

/* Begin PBXTargetDependency section */
		C800AF4D2AF93AD7004D0913 /* PBXTargetDependency */ = {
			isa = PBXTargetDependency;
			target = C80DD3732AE95302006F3E7F /* Ultimate Portfolio */;
			targetProxy = C800AF4C2AF93AD7004D0913 /* PBXContainerItemProxy */;
		};
		C81B0AD62AF479A10017A2F3 /* PBXTargetDependency */ = {
			isa = PBXTargetDependency;
			target = C80DD3732AE95302006F3E7F /* Ultimate Portfolio */;
			targetProxy = C81B0AD52AF479A10017A2F3 /* PBXContainerItemProxy */;
		};
/* End PBXTargetDependency section */

/* Begin PBXVariantGroup section */
		C81B0A922AF1DEEA0017A2F3 /* Localizable.strings */ = {
			isa = PBXVariantGroup;
			children = (
				C81B0A912AF1DEEA0017A2F3 /* en */,
				C81B0A932AF1DEF90017A2F3 /* pl */,
			);
			name = Localizable.strings;
			sourceTree = "<group>";
		};
		C81B0A962AF1DF3C0017A2F3 /* Localizable.stringsdict */ = {
			isa = PBXVariantGroup;
			children = (
				C81B0A952AF1DF3C0017A2F3 /* en */,
				C81B0A972AF1DF400017A2F3 /* pl */,
			);
			name = Localizable.stringsdict;
			sourceTree = "<group>";
		};
		C81B0A9F2AF1DFF20017A2F3 /* Awards.json */ = {
			isa = PBXVariantGroup;
			children = (
				C81B0A9E2AF1DFF20017A2F3 /* en */,
				C81B0AA02AF1DFF40017A2F3 /* pl */,
			);
			name = Awards.json;
			sourceTree = "<group>";
		};
/* End PBXVariantGroup section */

/* Begin XCBuildConfiguration section */
		C800AF4F2AF93AD7004D0913 /* Debug */ = {
			isa = XCBuildConfiguration;
			buildSettings = {
				CODE_SIGN_STYLE = Automatic;
				CURRENT_PROJECT_VERSION = 1;
				DEVELOPMENT_TEAM = 7AGNJTPT6V;
				GENERATE_INFOPLIST_FILE = YES;
				MARKETING_VERSION = 1.0;
				PRODUCT_BUNDLE_IDENTIFIER = "com.kubamilcarz.Ultimate-PortfolioUITests";
				PRODUCT_NAME = "$(TARGET_NAME)";
				SWIFT_EMIT_LOC_STRINGS = NO;
				SWIFT_VERSION = 5.0;
				TARGETED_DEVICE_FAMILY = "1,2";
				TEST_TARGET_NAME = "Ultimate Portfolio";
			};
			name = Debug;
		};
		C800AF502AF93AD7004D0913 /* Release */ = {
			isa = XCBuildConfiguration;
			buildSettings = {
				CODE_SIGN_STYLE = Automatic;
				CURRENT_PROJECT_VERSION = 1;
				DEVELOPMENT_TEAM = 7AGNJTPT6V;
				GENERATE_INFOPLIST_FILE = YES;
				MARKETING_VERSION = 1.0;
				PRODUCT_BUNDLE_IDENTIFIER = "com.kubamilcarz.Ultimate-PortfolioUITests";
				PRODUCT_NAME = "$(TARGET_NAME)";
				SWIFT_EMIT_LOC_STRINGS = NO;
				SWIFT_VERSION = 5.0;
				TARGETED_DEVICE_FAMILY = "1,2";
				TEST_TARGET_NAME = "Ultimate Portfolio";
			};
			name = Release;
		};
		C80DD3802AE95304006F3E7F /* Debug */ = {
			isa = XCBuildConfiguration;
			buildSettings = {
				ALWAYS_SEARCH_USER_PATHS = NO;
				ASSETCATALOG_COMPILER_GENERATE_SWIFT_ASSET_SYMBOL_EXTENSIONS = YES;
				CLANG_ANALYZER_NONNULL = YES;
				CLANG_ANALYZER_NUMBER_OBJECT_CONVERSION = YES_AGGRESSIVE;
				CLANG_CXX_LANGUAGE_STANDARD = "gnu++20";
				CLANG_ENABLE_MODULES = YES;
				CLANG_ENABLE_OBJC_ARC = YES;
				CLANG_ENABLE_OBJC_WEAK = YES;
				CLANG_WARN_BLOCK_CAPTURE_AUTORELEASING = YES;
				CLANG_WARN_BOOL_CONVERSION = YES;
				CLANG_WARN_COMMA = YES;
				CLANG_WARN_CONSTANT_CONVERSION = YES;
				CLANG_WARN_DEPRECATED_OBJC_IMPLEMENTATIONS = YES;
				CLANG_WARN_DIRECT_OBJC_ISA_USAGE = YES_ERROR;
				CLANG_WARN_DOCUMENTATION_COMMENTS = YES;
				CLANG_WARN_EMPTY_BODY = YES;
				CLANG_WARN_ENUM_CONVERSION = YES;
				CLANG_WARN_INFINITE_RECURSION = YES;
				CLANG_WARN_INT_CONVERSION = YES;
				CLANG_WARN_NON_LITERAL_NULL_CONVERSION = YES;
				CLANG_WARN_OBJC_IMPLICIT_RETAIN_SELF = YES;
				CLANG_WARN_OBJC_LITERAL_CONVERSION = YES;
				CLANG_WARN_OBJC_ROOT_CLASS = YES_ERROR;
				CLANG_WARN_QUOTED_INCLUDE_IN_FRAMEWORK_HEADER = YES;
				CLANG_WARN_RANGE_LOOP_ANALYSIS = YES;
				CLANG_WARN_STRICT_PROTOTYPES = YES;
				CLANG_WARN_SUSPICIOUS_MOVE = YES;
				CLANG_WARN_UNGUARDED_AVAILABILITY = YES_AGGRESSIVE;
				CLANG_WARN_UNREACHABLE_CODE = YES;
				CLANG_WARN__DUPLICATE_METHOD_MATCH = YES;
				COPY_PHASE_STRIP = NO;
				DEBUG_INFORMATION_FORMAT = dwarf;
				ENABLE_STRICT_OBJC_MSGSEND = YES;
				ENABLE_TESTABILITY = YES;
				ENABLE_USER_SCRIPT_SANDBOXING = YES;
				GCC_C_LANGUAGE_STANDARD = gnu17;
				GCC_DYNAMIC_NO_PIC = NO;
				GCC_NO_COMMON_BLOCKS = YES;
				GCC_OPTIMIZATION_LEVEL = 0;
				GCC_PREPROCESSOR_DEFINITIONS = (
					"DEBUG=1",
					"$(inherited)",
				);
				GCC_WARN_64_TO_32_BIT_CONVERSION = YES;
				GCC_WARN_ABOUT_RETURN_TYPE = YES_ERROR;
				GCC_WARN_UNDECLARED_SELECTOR = YES;
				GCC_WARN_UNINITIALIZED_AUTOS = YES_AGGRESSIVE;
				GCC_WARN_UNUSED_FUNCTION = YES;
				GCC_WARN_UNUSED_VARIABLE = YES;
				IPHONEOS_DEPLOYMENT_TARGET = 17.0;
				LOCALIZATION_PREFERS_STRING_CATALOGS = YES;
				MTL_ENABLE_DEBUG_INFO = INCLUDE_SOURCE;
				MTL_FAST_MATH = YES;
				ONLY_ACTIVE_ARCH = YES;
				SDKROOT = iphoneos;
				SWIFT_ACTIVE_COMPILATION_CONDITIONS = "DEBUG $(inherited)";
				SWIFT_OPTIMIZATION_LEVEL = "-Onone";
			};
			name = Debug;
		};
		C80DD3812AE95304006F3E7F /* Release */ = {
			isa = XCBuildConfiguration;
			buildSettings = {
				ALWAYS_SEARCH_USER_PATHS = NO;
				ASSETCATALOG_COMPILER_GENERATE_SWIFT_ASSET_SYMBOL_EXTENSIONS = YES;
				CLANG_ANALYZER_NONNULL = YES;
				CLANG_ANALYZER_NUMBER_OBJECT_CONVERSION = YES_AGGRESSIVE;
				CLANG_CXX_LANGUAGE_STANDARD = "gnu++20";
				CLANG_ENABLE_MODULES = YES;
				CLANG_ENABLE_OBJC_ARC = YES;
				CLANG_ENABLE_OBJC_WEAK = YES;
				CLANG_WARN_BLOCK_CAPTURE_AUTORELEASING = YES;
				CLANG_WARN_BOOL_CONVERSION = YES;
				CLANG_WARN_COMMA = YES;
				CLANG_WARN_CONSTANT_CONVERSION = YES;
				CLANG_WARN_DEPRECATED_OBJC_IMPLEMENTATIONS = YES;
				CLANG_WARN_DIRECT_OBJC_ISA_USAGE = YES_ERROR;
				CLANG_WARN_DOCUMENTATION_COMMENTS = YES;
				CLANG_WARN_EMPTY_BODY = YES;
				CLANG_WARN_ENUM_CONVERSION = YES;
				CLANG_WARN_INFINITE_RECURSION = YES;
				CLANG_WARN_INT_CONVERSION = YES;
				CLANG_WARN_NON_LITERAL_NULL_CONVERSION = YES;
				CLANG_WARN_OBJC_IMPLICIT_RETAIN_SELF = YES;
				CLANG_WARN_OBJC_LITERAL_CONVERSION = YES;
				CLANG_WARN_OBJC_ROOT_CLASS = YES_ERROR;
				CLANG_WARN_QUOTED_INCLUDE_IN_FRAMEWORK_HEADER = YES;
				CLANG_WARN_RANGE_LOOP_ANALYSIS = YES;
				CLANG_WARN_STRICT_PROTOTYPES = YES;
				CLANG_WARN_SUSPICIOUS_MOVE = YES;
				CLANG_WARN_UNGUARDED_AVAILABILITY = YES_AGGRESSIVE;
				CLANG_WARN_UNREACHABLE_CODE = YES;
				CLANG_WARN__DUPLICATE_METHOD_MATCH = YES;
				COPY_PHASE_STRIP = NO;
				DEBUG_INFORMATION_FORMAT = "dwarf-with-dsym";
				ENABLE_NS_ASSERTIONS = NO;
				ENABLE_STRICT_OBJC_MSGSEND = YES;
				ENABLE_USER_SCRIPT_SANDBOXING = YES;
				GCC_C_LANGUAGE_STANDARD = gnu17;
				GCC_NO_COMMON_BLOCKS = YES;
				GCC_WARN_64_TO_32_BIT_CONVERSION = YES;
				GCC_WARN_ABOUT_RETURN_TYPE = YES_ERROR;
				GCC_WARN_UNDECLARED_SELECTOR = YES;
				GCC_WARN_UNINITIALIZED_AUTOS = YES_AGGRESSIVE;
				GCC_WARN_UNUSED_FUNCTION = YES;
				GCC_WARN_UNUSED_VARIABLE = YES;
				IPHONEOS_DEPLOYMENT_TARGET = 17.0;
				LOCALIZATION_PREFERS_STRING_CATALOGS = YES;
				MTL_ENABLE_DEBUG_INFO = NO;
				MTL_FAST_MATH = YES;
				SDKROOT = iphoneos;
				SWIFT_COMPILATION_MODE = wholemodule;
				VALIDATE_PRODUCT = YES;
			};
			name = Release;
		};
		C80DD3832AE95304006F3E7F /* Debug */ = {
			isa = XCBuildConfiguration;
			buildSettings = {
				ASSETCATALOG_COMPILER_APPICON_NAME = AppIcon;
				ASSETCATALOG_COMPILER_GLOBAL_ACCENT_COLOR_NAME = AccentColor;
				CODE_SIGN_ENTITLEMENTS = "Ultimate Portfolio/Configuration/Ultimate Portfolio.entitlements";
				CODE_SIGN_STYLE = Automatic;
				CURRENT_PROJECT_VERSION = 1;
				DEVELOPMENT_ASSET_PATHS = "\"Ultimate Portfolio/Preview Content\"";
				DEVELOPMENT_TEAM = 7AGNJTPT6V;
				ENABLE_PREVIEWS = YES;
				GENERATE_INFOPLIST_FILE = YES;
				INFOPLIST_FILE = "Ultimate Portfolio/Configuration/Ultimate-Portfolio-Info.plist";
				INFOPLIST_KEY_UIApplicationSceneManifest_Generation = YES;
				INFOPLIST_KEY_UIApplicationSupportsIndirectInputEvents = YES;
				INFOPLIST_KEY_UILaunchScreen_Generation = YES;
				INFOPLIST_KEY_UISupportedInterfaceOrientations_iPad = "UIInterfaceOrientationPortrait UIInterfaceOrientationPortraitUpsideDown UIInterfaceOrientationLandscapeLeft UIInterfaceOrientationLandscapeRight";
				INFOPLIST_KEY_UISupportedInterfaceOrientations_iPhone = "UIInterfaceOrientationPortrait UIInterfaceOrientationLandscapeLeft UIInterfaceOrientationLandscapeRight";
				LD_RUNPATH_SEARCH_PATHS = (
					"$(inherited)",
					"@executable_path/Frameworks",
				);
				MARKETING_VERSION = 1.0;
				PRODUCT_BUNDLE_IDENTIFIER = "com.kubamilcarz.Ultimate-Portfolio";
				PRODUCT_NAME = "$(TARGET_NAME)";
				SWIFT_EMIT_LOC_STRINGS = YES;
				SWIFT_VERSION = 5.0;
				TARGETED_DEVICE_FAMILY = "1,2";
			};
			name = Debug;
		};
		C80DD3842AE95304006F3E7F /* Release */ = {
			isa = XCBuildConfiguration;
			buildSettings = {
				ASSETCATALOG_COMPILER_APPICON_NAME = AppIcon;
				ASSETCATALOG_COMPILER_GLOBAL_ACCENT_COLOR_NAME = AccentColor;
				CODE_SIGN_ENTITLEMENTS = "Ultimate Portfolio/Configuration/Ultimate Portfolio.entitlements";
				CODE_SIGN_STYLE = Automatic;
				CURRENT_PROJECT_VERSION = 1;
				DEVELOPMENT_ASSET_PATHS = "\"Ultimate Portfolio/Preview Content\"";
				DEVELOPMENT_TEAM = 7AGNJTPT6V;
				ENABLE_PREVIEWS = YES;
				GENERATE_INFOPLIST_FILE = YES;
				INFOPLIST_FILE = "Ultimate Portfolio/Configuration/Ultimate-Portfolio-Info.plist";
				INFOPLIST_KEY_UIApplicationSceneManifest_Generation = YES;
				INFOPLIST_KEY_UIApplicationSupportsIndirectInputEvents = YES;
				INFOPLIST_KEY_UILaunchScreen_Generation = YES;
				INFOPLIST_KEY_UISupportedInterfaceOrientations_iPad = "UIInterfaceOrientationPortrait UIInterfaceOrientationPortraitUpsideDown UIInterfaceOrientationLandscapeLeft UIInterfaceOrientationLandscapeRight";
				INFOPLIST_KEY_UISupportedInterfaceOrientations_iPhone = "UIInterfaceOrientationPortrait UIInterfaceOrientationLandscapeLeft UIInterfaceOrientationLandscapeRight";
				LD_RUNPATH_SEARCH_PATHS = (
					"$(inherited)",
					"@executable_path/Frameworks",
				);
				MARKETING_VERSION = 1.0;
				PRODUCT_BUNDLE_IDENTIFIER = "com.kubamilcarz.Ultimate-Portfolio";
				PRODUCT_NAME = "$(TARGET_NAME)";
				SWIFT_EMIT_LOC_STRINGS = YES;
				SWIFT_VERSION = 5.0;
				TARGETED_DEVICE_FAMILY = "1,2";
			};
			name = Release;
		};
		C81B0AD82AF479A10017A2F3 /* Debug */ = {
			isa = XCBuildConfiguration;
			buildSettings = {
				BUNDLE_LOADER = "$(TEST_HOST)";
				CODE_SIGN_STYLE = Automatic;
				CURRENT_PROJECT_VERSION = 1;
				DEVELOPMENT_TEAM = 7AGNJTPT6V;
				GENERATE_INFOPLIST_FILE = YES;
				MARKETING_VERSION = 1.0;
				PRODUCT_BUNDLE_IDENTIFIER = "com.kubamilcarz.Ultimate-PortfolioTests";
				PRODUCT_NAME = "$(TARGET_NAME)";
				SWIFT_EMIT_LOC_STRINGS = NO;
				SWIFT_VERSION = 5.0;
				TARGETED_DEVICE_FAMILY = "1,2";
				TEST_HOST = "$(BUILT_PRODUCTS_DIR)/Ultimate Portfolio.app/$(BUNDLE_EXECUTABLE_FOLDER_PATH)/Ultimate Portfolio";
			};
			name = Debug;
		};
		C81B0AD92AF479A10017A2F3 /* Release */ = {
			isa = XCBuildConfiguration;
			buildSettings = {
				BUNDLE_LOADER = "$(TEST_HOST)";
				CODE_SIGN_STYLE = Automatic;
				CURRENT_PROJECT_VERSION = 1;
				DEVELOPMENT_TEAM = 7AGNJTPT6V;
				GENERATE_INFOPLIST_FILE = YES;
				MARKETING_VERSION = 1.0;
				PRODUCT_BUNDLE_IDENTIFIER = "com.kubamilcarz.Ultimate-PortfolioTests";
				PRODUCT_NAME = "$(TARGET_NAME)";
				SWIFT_EMIT_LOC_STRINGS = NO;
				SWIFT_VERSION = 5.0;
				TARGETED_DEVICE_FAMILY = "1,2";
				TEST_HOST = "$(BUILT_PRODUCTS_DIR)/Ultimate Portfolio.app/$(BUNDLE_EXECUTABLE_FOLDER_PATH)/Ultimate Portfolio";
			};
			name = Release;
		};
/* End XCBuildConfiguration section */

/* Begin XCConfigurationList section */
		C800AF4E2AF93AD7004D0913 /* Build configuration list for PBXNativeTarget "Ultimate PortfolioUITests" */ = {
			isa = XCConfigurationList;
			buildConfigurations = (
				C800AF4F2AF93AD7004D0913 /* Debug */,
				C800AF502AF93AD7004D0913 /* Release */,
			);
			defaultConfigurationIsVisible = 0;
			defaultConfigurationName = Release;
		};
		C80DD36F2AE95302006F3E7F /* Build configuration list for PBXProject "Ultimate Portfolio" */ = {
			isa = XCConfigurationList;
			buildConfigurations = (
				C80DD3802AE95304006F3E7F /* Debug */,
				C80DD3812AE95304006F3E7F /* Release */,
			);
			defaultConfigurationIsVisible = 0;
			defaultConfigurationName = Release;
		};
		C80DD3822AE95304006F3E7F /* Build configuration list for PBXNativeTarget "Ultimate Portfolio" */ = {
			isa = XCConfigurationList;
			buildConfigurations = (
				C80DD3832AE95304006F3E7F /* Debug */,
				C80DD3842AE95304006F3E7F /* Release */,
			);
			defaultConfigurationIsVisible = 0;
			defaultConfigurationName = Release;
		};
		C81B0AD72AF479A10017A2F3 /* Build configuration list for PBXNativeTarget "Ultimate PortfolioTests" */ = {
			isa = XCConfigurationList;
			buildConfigurations = (
				C81B0AD82AF479A10017A2F3 /* Debug */,
				C81B0AD92AF479A10017A2F3 /* Release */,
			);
			defaultConfigurationIsVisible = 0;
			defaultConfigurationName = Release;
		};
/* End XCConfigurationList section */

/* Begin XCVersionGroup section */
		C834C46F2AE9E6FC0015A3C4 /* Main.xcdatamodeld */ = {
			isa = XCVersionGroup;
			children = (
				C834C4702AE9E6FC0015A3C4 /* Main.xcdatamodel */,
			);
			currentVersion = C834C4702AE9E6FC0015A3C4 /* Main.xcdatamodel */;
			path = Main.xcdatamodeld;
			sourceTree = "<group>";
			versionGroupType = wrapper.xcdatamodel;
		};
/* End XCVersionGroup section */
	};
	rootObject = C80DD36C2AE95302006F3E7F /* Project object */;
}
